{
  "name": "ufe-registry",
  "version": "1.0.0",
  "lockfileVersion": 2,
  "requires": true,
  "packages": {
    "": {
      "name": "ufe-registry",
      "version": "1.0.0",
      "license": "MIT",
      "dependencies": {
        "stencil-router-v2": "^0.6.0"
      },
      "devDependencies": {
        "typescript": "^4.7.4"
      }
    },
    "node_modules/@stencil/core": {
      "version": "2.17.4",
      "resolved": "https://registry.npmjs.org/@stencil/core/-/core-2.17.4.tgz",
      "integrity": "sha512-SGRlHpjV1RyFvzw6jFMVKpLNox9Eds3VvpbpD2SW9CuxdLonHDSFtQks5zmT4zs1Rse9I6kFc2mFK/dHNTalkg==",
      "peer": true,
      "bin": {
        "stencil": "bin/stencil"
      },
      "engines": {
        "node": ">=12.10.0",
        "npm": ">=6.0.0"
      }
    },
    "node_modules/@stencil/store": {
      "version": "1.5.0",
      "resolved": "https://registry.npmjs.org/@stencil/store/-/store-1.5.0.tgz",
      "integrity": "sha512-fe5fCF6dgVlDM1iLRkkJUyUh0Tfx305asVGgMAJjIs7Q+x/b1pGgTLROm9Ibr53PZuFwr5Kg+4h9p4FLbYqHgA==",
      "peerDependencies": {
        "@stencil/core": ">=1.9.0"
      }
    },
    "node_modules/stencil-router-v2": {
      "version": "0.6.0",
      "resolved": "https://registry.npmjs.org/stencil-router-v2/-/stencil-router-v2-0.6.0.tgz",
      "integrity": "sha512-E6ncNTIbFOleADelSQ7V/aSkZvdyTW8OKpPqxLi3AdUf8EwN0vZAMsIKHyPPS2hHLCh2/qNyVb/pbnzOszYBCw==",
      "dependencies": {
        "@stencil/store": "^1.1.0"
      },
      "peerDependencies": {
        "@stencil/core": ">=1.10.0"
      }
    },
    "node_modules/typescript": {
      "version": "4.7.4",
      "resolved": "https://registry.npmjs.org/typescript/-/typescript-4.7.4.tgz",
      "integrity": "sha512-C0WQT0gezHuw6AdY1M2jxUO83Rjf0HP7Sk1DtXj6j1EwkQNZrHAg2XPWlq62oqEhYvONq5pkC2Y9oPljWToLmQ==",
      "dev": true,
      "bin": {
        "tsc": "bin/tsc",
        "tsserver": "bin/tsserver"
      },
      "engines": {
        "node": ">=4.2.0"
      }
    }
  },
  "dependencies": {
    "@stencil/core": {
      "version": "2.17.4",
      "resolved": "https://registry.npmjs.org/@stencil/core/-/core-2.17.4.tgz",
      "integrity": "sha512-SGRlHpjV1RyFvzw6jFMVKpLNox9Eds3VvpbpD2SW9CuxdLonHDSFtQks5zmT4zs1Rse9I6kFc2mFK/dHNTalkg==",
      "peer": true
    },
    "@stencil/store": {
      "version": "1.5.0",
      "resolved": "https://registry.npmjs.org/@stencil/store/-/store-1.5.0.tgz",
      "integrity": "sha512-fe5fCF6dgVlDM1iLRkkJUyUh0Tfx305asVGgMAJjIs7Q+x/b1pGgTLROm9Ibr53PZuFwr5Kg+4h9p4FLbYqHgA==",
      "requires": {}
    },
    "stencil-router-v2": {
      "version": "0.6.0",
      "resolved": "https://registry.npmjs.org/stencil-router-v2/-/stencil-router-v2-0.6.0.tgz",
      "integrity": "sha512-E6ncNTIbFOleADelSQ7V/aSkZvdyTW8OKpPqxLi3AdUf8EwN0vZAMsIKHyPPS2hHLCh2/qNyVb/pbnzOszYBCw==",
      "requires": {
        "@stencil/store": "^1.1.0"
      }
    },
    "typescript": {
      "version": "4.7.4",
      "resolved": "https://registry.npmjs.org/typescript/-/typescript-4.7.4.tgz",
      "integrity": "sha512-C0WQT0gezHuw6AdY1M2jxUO83Rjf0HP7Sk1DtXj6j1EwkQNZrHAg2XPWlq62oqEhYvONq5pkC2Y9oPljWToLmQ==",
      "dev": true
    }
  }
}
